
Microsoft Visual Studio Solution File, Format Version 12.00
# Visual Studio 2012
Project("{FAE04EC0-301F-11D3-BF4B-00C04F79EFBC}") = "Chat.Services", "Chat.Services\Chat.Services.csproj", "{9EE0722F-8894-432E-A8EF-89DCC40DFF92}"
EndProject
Project("{FAE04EC0-301F-11D3-BF4B-00C04F79EFBC}") = "Chat.Models", "Chat.Models\Chat.Models.csproj", "{E7BC352A-8D6E-48DC-91AF-EDFB52E76883}"
EndProject
Project("{FAE04EC0-301F-11D3-BF4B-00C04F79EFBC}") = "Chat.Data", "Chat.Data\Chat.Data.csproj", "{5E17CA4D-82E4-4BA9-B69F-A1C9E72E782C}"
EndProject
Global
	GlobalSection(SolutionConfigurationPlatforms) = preSolution
		Debug|Any CPU = Debug|Any CPU
		Release|Any CPU = Release|Any CPU
	EndGlobalSection
	GlobalSection(ProjectConfigurationPlatforms) = postSolution
		{9EE0722F-8894-432E-A8EF-89DCC40DFF92}.Debug|Any CPU.ActiveCfg = Debug|Any CPU
		{9EE0722F-8894-432E-A8EF-89DCC40DFF92}.Debug|Any CPU.Build.0 = Debug|Any CPU
		{9EE0722F-8894-432E-A8EF-89DCC40DFF92}.Release|Any CPU.ActiveCfg = Release|Any CPU
		{9EE0722F-8894-432E-A8EF-89DCC40DFF92}.Release|Any CPU.Build.0 = Release|Any CPU
		{E7BC352A-8D6E-48DC-91AF-EDFB52E76883}.Debug|Any CPU.ActiveCfg = Debug|Any CPU
		{E7BC352A-8D6E-48DC-91AF-EDFB52E76883}.Debug|Any CPU.Build.0 = Debug|Any CPU
		{E7BC352A-8D6E-48DC-91AF-EDFB52E76883}.Release|Any CPU.ActiveCfg = Release|Any CPU
		{E7BC352A-8D6E-48DC-91AF-EDFB52E76883}.Release|Any CPU.Build.0 = Release|Any CPU
		{5E17CA4D-82E4-4BA9-B69F-A1C9E72E782C}.Debug|Any CPU.ActiveCfg = Debug|Any CPU
		{5E17CA4D-82E4-4BA9-B69F-A1C9E72E782C}.Debug|Any CPU.Build.0 = Debug|Any CPU
		{5E17CA4D-82E4-4BA9-B69F-A1C9E72E782C}.Release|Any CPU.ActiveCfg = Release|Any CPU
		{5E17CA4D-82E4-4BA9-B69F-A1C9E72E782C}.Release|Any CPU.Build.0 = Release|Any CPU
	EndGlobalSection
	GlobalSection(SolutionProperties) = preSolution
		HideSolutionNode = FALSE
	EndGlobalSection
EndGlobal
